
Microsoft Visual Studio Solution File, Format Version 12.00
# Visual Studio Version 16
VisualStudioVersion = 16.0.31702.278
MinimumVisualStudioVersion = 10.0.40219.1
Project("{FAE04EC0-301F-11D3-BF4B-00C04F79EFBC}") = "ProjetodeContas", "ProjetodeContas.csproj", "{61331E0E-A3E5-477D-9A63-E327B6417E44}"
EndProject
Global
	GlobalSection(SolutionConfigurationPlatforms) = preSolution
		Debug|Any CPU = Debug|Any CPU
		Release|Any CPU = Release|Any CPU
	EndGlobalSection
	GlobalSection(ProjectConfigurationPlatforms) = postSolution
		{61331E0E-A3E5-477D-9A63-E327B6417E44}.Debug|Any CPU.ActiveCfg = Debug|Any CPU
		{61331E0E-A3E5-477D-9A63-E327B6417E44}.Debug|Any CPU.Build.0 = Debug|Any CPU
		{61331E0E-A3E5-477D-9A63-E327B6417E44}.Release|Any CPU.ActiveCfg = Release|Any CPU
		{61331E0E-A3E5-477D-9A63-E327B6417E44}.Release|Any CPU.Build.0 = Release|Any CPU
	EndGlobalSection
	GlobalSection(SolutionProperties) = preSolution
		HideSolutionNode = FALSE
	EndGlobalSection
	GlobalSection(ExtensibilityGlobals) = postSolution
		SolutionGuid = {1BD12BB7-23D1-4A30-8B8F-F5681AD0831C}
	EndGlobalSection
EndGlobal
